
Microsoft Visual Studio Solution File, Format Version 12.00
# Visual Studio Version 16
VisualStudioVersion = 16.0.30503.244
MinimumVisualStudioVersion = 10.0.40219.1
Project("{FAE04EC0-301F-11D3-BF4B-00C04F79EFBC}") = "LibraryCodeBLog.BL", "LibraryCodeBLog.BL\LibraryCodeBLog.BL.csproj", "{40B2DE19-D41D-4540-8BAA-26550066A128}"
EndProject
Project("{FAE04EC0-301F-11D3-BF4B-00C04F79EFBC}") = "InterfaceCodeBlog.CMD", "InterfaceCodeBlog.CMD\InterfaceCodeBlog.CMD.csproj", "{6E8BDA79-0334-4F83-B891-2100731BED49}"
EndProject
Project("{FAE04EC0-301F-11D3-BF4B-00C04F79EFBC}") = "LibraryCodeBLog.BLTests", "LibraryCodeBLog.BLTests\LibraryCodeBLog.BLTests.csproj", "{025ECF9C-FC88-4936-B386-3637B56900C7}"
EndProject
Global
	GlobalSection(SolutionConfigurationPlatforms) = preSolution
		Debug|Any CPU = Debug|Any CPU
		Release|Any CPU = Release|Any CPU
	EndGlobalSection
	GlobalSection(ProjectConfigurationPlatforms) = postSolution
		{40B2DE19-D41D-4540-8BAA-26550066A128}.Debug|Any CPU.ActiveCfg = Debug|Any CPU
		{40B2DE19-D41D-4540-8BAA-26550066A128}.Debug|Any CPU.Build.0 = Debug|Any CPU
		{40B2DE19-D41D-4540-8BAA-26550066A128}.Release|Any CPU.ActiveCfg = Release|Any CPU
		{40B2DE19-D41D-4540-8BAA-26550066A128}.Release|Any CPU.Build.0 = Release|Any CPU
		{6E8BDA79-0334-4F83-B891-2100731BED49}.Debug|Any CPU.ActiveCfg = Debug|Any CPU
		{6E8BDA79-0334-4F83-B891-2100731BED49}.Debug|Any CPU.Build.0 = Debug|Any CPU
		{6E8BDA79-0334-4F83-B891-2100731BED49}.Release|Any CPU.ActiveCfg = Release|Any CPU
		{6E8BDA79-0334-4F83-B891-2100731BED49}.Release|Any CPU.Build.0 = Release|Any CPU
		{025ECF9C-FC88-4936-B386-3637B56900C7}.Debug|Any CPU.ActiveCfg = Debug|Any CPU
		{025ECF9C-FC88-4936-B386-3637B56900C7}.Debug|Any CPU.Build.0 = Debug|Any CPU
		{025ECF9C-FC88-4936-B386-3637B56900C7}.Release|Any CPU.ActiveCfg = Release|Any CPU
		{025ECF9C-FC88-4936-B386-3637B56900C7}.Release|Any CPU.Build.0 = Release|Any CPU
	EndGlobalSection
	GlobalSection(SolutionProperties) = preSolution
		HideSolutionNode = FALSE
	EndGlobalSection
	GlobalSection(ExtensibilityGlobals) = postSolution
		SolutionGuid = {003BBB41-6A34-4A69-95AC-7A03DA6F54AD}
	EndGlobalSection
EndGlobal
